
Microsoft Visual Studio Solution File, Format Version 12.00
# Visual Studio Version 17
VisualStudioVersion = 17.1.32328.378
MinimumVisualStudioVersion = 10.0.40219.1
Project("{FAE04EC0-301F-11D3-BF4B-00C04F79EFBC}") = "ToDoListApi", "ToDoListApi\ToDoListApi.csproj", "{FCA9D66B-E0B7-4C57-9726-3556A115E7EA}"
EndProject
Global
	GlobalSection(SolutionConfigurationPlatforms) = preSolution
		Debug|Any CPU = Debug|Any CPU
		Release|Any CPU = Release|Any CPU
	EndGlobalSection
	GlobalSection(ProjectConfigurationPlatforms) = postSolution
		{FCA9D66B-E0B7-4C57-9726-3556A115E7EA}.Debug|Any CPU.ActiveCfg = Debug|Any CPU
		{FCA9D66B-E0B7-4C57-9726-3556A115E7EA}.Debug|Any CPU.Build.0 = Debug|Any CPU
		{FCA9D66B-E0B7-4C57-9726-3556A115E7EA}.Release|Any CPU.ActiveCfg = Release|Any CPU
		{FCA9D66B-E0B7-4C57-9726-3556A115E7EA}.Release|Any CPU.Build.0 = Release|Any CPU
	EndGlobalSection
	GlobalSection(SolutionProperties) = preSolution
		HideSolutionNode = FALSE
	EndGlobalSection
	GlobalSection(ExtensibilityGlobals) = postSolution
		SolutionGuid = {029B8D3C-89DB-4834-A851-ED8F98AE5D94}
	EndGlobalSection
EndGlobal
